
Microsoft Visual Studio Solution File, Format Version 12.00
# Visual Studio Version 17
VisualStudioVersion = 17.11.35327.3
MinimumVisualStudioVersion = 10.0.40219.1
Project("{FAE04EC0-301F-11D3-BF4B-00C04F79EFBC}") = "SuperExcitingCloneEffect", "SuperExcitingCloneEffect\SuperExcitingCloneEffect.csproj", "{92A7C11D-F9BC-4883-8B5D-E66759048854}"
EndProject
Global
	GlobalSection(SolutionConfigurationPlatforms) = preSolution
		Debug|Any CPU = Debug|Any CPU
		Release|Any CPU = Release|Any CPU
	EndGlobalSection
	GlobalSection(ProjectConfigurationPlatforms) = postSolution
		{92A7C11D-F9BC-4883-8B5D-E66759048854}.Debug|Any CPU.ActiveCfg = Debug|Any CPU
		{92A7C11D-F9BC-4883-8B5D-E66759048854}.Debug|Any CPU.Build.0 = Debug|Any CPU
		{92A7C11D-F9BC-4883-8B5D-E66759048854}.Release|Any CPU.ActiveCfg = Release|Any CPU
		{92A7C11D-F9BC-4883-8B5D-E66759048854}.Release|Any CPU.Build.0 = Release|Any CPU
	EndGlobalSection
	GlobalSection(SolutionProperties) = preSolution
		HideSolutionNode = FALSE
	EndGlobalSection
	GlobalSection(ExtensibilityGlobals) = postSolution
		SolutionGuid = {15447F0B-75FC-4B39-9EEB-506B17736C29}
	EndGlobalSection
EndGlobal
